
Microsoft Visual Studio Solution File, Format Version 12.00
# Visual Studio Version 16
VisualStudioVersion = 16.0.30204.135
MinimumVisualStudioVersion = 10.0.40219.1
Project("{FAE04EC0-301F-11D3-BF4B-00C04F79EFBC}") = "MigrateEmailAndPhoneCallWPF", "MigrateEmailAndPhoneCallWPF.csproj", "{D59C1ACA-1910-4F9C-94D0-7EE40B39F474}"
EndProject
Project("{54435603-DBB4-11D2-8724-00A0C9A8B90C}") = "MigrateEmailPhoneCallsetup", "MigrateEmailPhoneCallsetup\MigrateEmailPhoneCallsetup.vdproj", "{1AB8D3DE-717B-4697-929B-DA51B011116B}"
EndProject
Global
	GlobalSection(SolutionConfigurationPlatforms) = preSolution
		Debug|Any CPU = Debug|Any CPU
		Release|Any CPU = Release|Any CPU
	EndGlobalSection
	GlobalSection(ProjectConfigurationPlatforms) = postSolution
		{D59C1ACA-1910-4F9C-94D0-7EE40B39F474}.Debug|Any CPU.ActiveCfg = Debug|Any CPU
		{D59C1ACA-1910-4F9C-94D0-7EE40B39F474}.Debug|Any CPU.Build.0 = Debug|Any CPU
		{D59C1ACA-1910-4F9C-94D0-7EE40B39F474}.Release|Any CPU.ActiveCfg = Release|Any CPU
		{D59C1ACA-1910-4F9C-94D0-7EE40B39F474}.Release|Any CPU.Build.0 = Release|Any CPU
		{1AB8D3DE-717B-4697-929B-DA51B011116B}.Debug|Any CPU.ActiveCfg = Debug
		{1AB8D3DE-717B-4697-929B-DA51B011116B}.Release|Any CPU.ActiveCfg = Release
	EndGlobalSection
	GlobalSection(SolutionProperties) = preSolution
		HideSolutionNode = FALSE
	EndGlobalSection
	GlobalSection(ExtensibilityGlobals) = postSolution
		SolutionGuid = {C7943560-8A84-453B-A9AB-1772B70296AA}
	EndGlobalSection
EndGlobal
